Microsoft Visual Studio Solution File, Format Version 12.00
# Visual Studio Version 17
VisualStudioVersion = 17.5.2.0
MinimumVisualStudioVersion = 10.0.40219.1
Project("{2150E333-8FDC-42A3-9474-1A3956D46DE8}") = "Project", "Project", "{EB1B1211-640D-0C76-A929-990D115248FD}"
EndProject
Project("{FAE04EC0-301F-11D3-BF4B-00C04F79EFBC}") = "LuuHoangPhi", "Project\LuuHoangPhi\LuuHoangPhi.csproj", "{07C9830E-1F7E-0EAB-76EF-3BADC26E6B81}"
EndProject
Global
	GlobalSection(SolutionConfigurationPlatforms) = preSolution
		Debug|Any CPU = Debug|Any CPU
		Release|Any CPU = Release|Any CPU
	EndGlobalSection
	GlobalSection(ProjectConfigurationPlatforms) = postSolution
		{07C9830E-1F7E-0EAB-76EF-3BADC26E6B81}.Debug|Any CPU.ActiveCfg = Debug|Any CPU
		{07C9830E-1F7E-0EAB-76EF-3BADC26E6B81}.Debug|Any CPU.Build.0 = Debug|Any CPU
		{07C9830E-1F7E-0EAB-76EF-3BADC26E6B81}.Release|Any CPU.ActiveCfg = Release|Any CPU
		{07C9830E-1F7E-0EAB-76EF-3BADC26E6B81}.Release|Any CPU.Build.0 = Release|Any CPU
	EndGlobalSection
	GlobalSection(SolutionProperties) = preSolution
		HideSolutionNode = FALSE
	EndGlobalSection
	GlobalSection(NestedProjects) = preSolution
		{07C9830E-1F7E-0EAB-76EF-3BADC26E6B81} = {EB1B1211-640D-0C76-A929-990D115248FD}
	EndGlobalSection
	GlobalSection(ExtensibilityGlobals) = postSolution
		SolutionGuid = {36177944-290B-4077-989E-EDE759E9D1D1}
	EndGlobalSection
EndGlobal
